// !$*UTF8*$!
{
	archiveVersion = 1;
	classes = {
	};
	objectVersion = 46;
	objects = {

/* Begin PBXBuildFile section */
		2284D0CB1CBCC86800ACBD79 /* AppDelegate.swift in Sources */ = {isa = PBXBuildFile; fileRef = 2284D0CA1CBCC86800ACBD79 /* AppDelegate.swift */; };
		2284D0CD1CBCC86800ACBD79 /* ViewController.swift in Sources */ = {isa = PBXBuildFile; fileRef = 2284D0CC1CBCC86800ACBD79 /* ViewController.swift */; };
		2284D0D01CBCC86800ACBD79 /* Main.storyboard in Resources */ = {isa = PBXBuildFile; fileRef = 2284D0CE1CBCC86800ACBD79 /* Main.storyboard */; };
		2284D0D21CBCC86800ACBD79 /* Assets.xcassets in Resources */ = {isa = PBXBuildFile; fileRef = 2284D0D11CBCC86800ACBD79 /* Assets.xcassets */; };
		2284D0D51CBCC86800ACBD79 /* LaunchScreen.storyboard in Resources */ = {isa = PBXBuildFile; fileRef = 2284D0D31CBCC86800ACBD79 /* LaunchScreen.storyboard */; };
		2284D0DF1CBCC8A400ACBD79 /* KeychainItemWrapper.m in Sources */ = {isa = PBXBuildFile; fileRef = 2284D0DE1CBCC8A400ACBD79 /* KeychainItemWrapper.m */; settings = {COMPILER_FLAGS = "-fno-objc-arc"; }; };
/* End PBXBuildFile section */

/* Begin PBXFileReference section */
		2284D0C71CBCC86800ACBD79 /* KeyChain.app */ = {isa = PBXFileReference; explicitFileType = wrapper.application; includeInIndex = 0; path = KeyChain.app; sourceTree = BUILT_PRODUCTS_DIR; };
		2284D0CA1CBCC86800ACBD79 /* AppDelegate.swift */ = {isa = PBXFileReference; lastKnownFileType = sourcecode.swift; path = AppDelegate.swift; sourceTree = "<group>"; };
		2284D0CC1CBCC86800ACBD79 /* ViewController.swift */ = {isa = PBXFileReference; lastKnownFileType = sourcecode.swift; path = ViewController.swift; sourceTree = "<group>"; };
		2284D0CF1CBCC86800ACBD79 /* Base */ = {isa = PBXFileReference; lastKnownFileType = file.storyboard; name = Base; path = Base.lproj/Main.storyboard; sourceTree = "<group>"; };
		2284D0D11CBCC86800ACBD79 /* Assets.xcassets */ = {isa = PBXFileReference; lastKnownFileType = folder.assetcatalog; path = Assets.xcassets; sourceTree = "<group>"; };
		2284D0D41CBCC86800ACBD79 /* Base */ = {isa = PBXFileReference; lastKnownFileType = file.storyboard; name = Base; path = Base.lproj/LaunchScreen.storyboard; sourceTree = "<group>"; };
		2284D0D61CBCC86800ACBD79 /* Info.plist */ = {isa = PBXFileReference; lastKnownFileType = text.plist.xml; path = Info.plist; sourceTree = "<group>"; };
		2284D0DC1CBCC88300ACBD79 /* KeychainItemWrapper.h */ = {isa = PBXFileReference; lastKnownFileType = sourcecode.c.h; path = KeychainItemWrapper.h; sourceTree = "<group>"; };
		2284D0DD1CBCC8A300ACBD79 /* KeyChain-Bridging-Header.h */ = {isa = PBXFileReference; lastKnownFileType = sourcecode.c.h; path = "KeyChain-Bridging-Header.h"; sourceTree = "<group>"; };
		2284D0DE1CBCC8A400ACBD79 /* KeychainItemWrapper.m */ = {isa = PBXFileReference; fileEncoding = 4; lastKnownFileType = sourcecode.c.objc; path = KeychainItemWrapper.m; sourceTree = "<group>"; };
/* End PBXFileReference section */

/* Begin PBXFrameworksBuildPhase section */
		2284D0C41CBCC86800ACBD79 /* Frameworks */ = {
			isa = PBXFrameworksBuildPhase;
			buildActionMask = 2147483647;
			files = (
			);
			runOnlyForDeploymentPostprocessing = 0;
		};
/* End PBXFrameworksBuildPhase section */

/* Begin PBXGroup section */
		2284D0BE1CBCC86800ACBD79 = {
			isa = PBXGroup;
			children = (
				2284D0C91CBCC86800ACBD79 /* KeyChain */,
				2284D0C81CBCC86800ACBD79 /* Products */,
			);
			sourceTree = "<group>";
		};
		2284D0C81CBCC86800ACBD79 /* Products */ = {
			isa = PBXGroup;
			children = (
				2284D0C71CBCC86800ACBD79 /* KeyChain.app */,
			);
			name = Products;
			sourceTree = "<group>";
		};
		2284D0C91CBCC86800ACBD79 /* KeyChain */ = {
			isa = PBXGroup;
			children = (
				2284D0DC1CBCC88300ACBD79 /* KeychainItemWrapper.h */,
				2284D0DE1CBCC8A400ACBD79 /* KeychainItemWrapper.m */,
				2284D0CA1CBCC86800ACBD79 /* AppDelegate.swift */,
				2284D0CC1CBCC86800ACBD79 /* ViewController.swift */,
				2284D0CE1CBCC86800ACBD79 /* Main.storyboard */,
				2284D0D11CBCC86800ACBD79 /* Assets.xcassets */,
				2284D0D31CBCC86800ACBD79 /* LaunchScreen.storyboard */,
				2284D0D61CBCC86800ACBD79 /* Info.plist */,
				2284D0DD1CBCC8A300ACBD79 /* KeyChain-Bridging-Header.h */,
			);
			path = KeyChain;
			sourceTree = "<group>";
		};
/* End PBXGroup section */

/* Begin PBXNativeTarget section */
		2284D0C61CBCC86800ACBD79 /* KeyChain */ = {
			isa = PBXNativeTarget;
			buildConfigurationList = 2284D0D91CBCC86800ACBD79 /* Build configuration list for PBXNativeTarget "KeyChain" */;
			buildPhases = (
				2284D0C31CBCC86800ACBD79 /* Sources */,
				2284D0C41CBCC86800ACBD79 /* Frameworks */,
				2284D0C51CBCC86800ACBD79 /* Resources */,
			);
			buildRules = (
			);
			dependencies = (
			);
			name = KeyChain;
			productName = KeyChain;
			productReference = 2284D0C71CBCC86800ACBD79 /* KeyChain.app */;
			productType = "com.apple.product-type.application";
		};
/* End PBXNativeTarget section */

/* Begin PBXProject section */
		2284D0BF1CBCC86800ACBD79 /* Project object */ = {
			isa = PBXProject;
			attributes = {
				LastSwiftUpdateCheck = 0720;
				LastUpgradeCheck = 0720;
				ORGANIZATIONNAME = xie;
				TargetAttributes = {
					2284D0C61CBCC86800ACBD79 = {
						CreatedOnToolsVersion = 7.2.1;
					};
				};
			};
			buildConfigurationList = 2284D0C21CBCC86800ACBD79 /* Build configuration list for PBXProject "KeyChain" */;
			compatibilityVersion = "Xcode 3.2";
			developmentRegion = English;
			hasScannedForEncodings = 0;
			knownRegions = (
				en,
				Base,
			);
			mainGroup = 2284D0BE1CBCC86800ACBD79;
			productRefGroup = 2284D0C81CBCC86800ACBD79 /* Products */;
			projectDirPath = "";
			projectRoot = "";
			targets = (
				2284D0C61CBCC86800ACBD79 /* KeyChain */,
			);
		};
/* End PBXProject section */

/* Begin PBXResourcesBuildPhase section */
		2284D0C51CBCC86800ACBD79 /* Resources */ = {
			isa = PBXResourcesBuildPhase;
			buildActionMask = 2147483647;
			files = (
				2284D0D51CBCC86800ACBD79 /* LaunchScreen.storyboard in Resources */,
				2284D0D21CBCC86800ACBD79 /* Assets.xcassets in Resources */,
				2284D0D01CBCC86800ACBD79 /* Main.storyboard in Resources */,
			);
			runOnlyForDeploymentPostprocessing = 0;
		};
/* End PBXResourcesBuildPhase section */

/* Begin PBXSourcesBuildPhase section */
		2284D0C31CBCC86800ACBD79 /* Sources */ = {
			isa = PBXSourcesBuildPhase;
			buildActionMask = 2147483647;
			files = (
				2284D0CD1CBCC86800ACBD79 /* ViewController.swift in Sources */,
				2284D0CB1CBCC86800ACBD79 /* AppDelegate.swift in Sources */,
				2284D0DF1CBCC8A400ACBD79 /* KeychainItemWrapper.m in Sources */,
			);
			runOnlyForDeploymentPostprocessing = 0;
		};
/* End PBXSourcesBuildPhase section */

/* Begin PBXVariantGroup section */
		2284D0CE1CBCC86800ACBD79 /* Main.storyboard */ = {
			isa = PBXVariantGroup;
			children = (
				2284D0CF1CBCC86800ACBD79 /* Base */,
			);
			name = Main.storyboard;
			sourceTree = "<group>";
		};
		2284D0D31CBCC86800ACBD79 /* LaunchScreen.storyboard */ = {
			isa = PBXVariantGroup;
			children = (
				2284D0D41CBCC86800ACBD79 /* Base */,
			);
			name = LaunchScreen.storyboard;
			sourceTree = "<group>";
		};
/* End PBXVariantGroup section */

/* Begin XCBuildConfiguration section */
		2284D0D71CBCC86800ACBD79 /* Debug */ = {
			isa = XCBuildConfiguration;
			buildSettings = {
				ALWAYS_SEARCH_USER_PATHS = NO;
				CLANG_CXX_LANGUAGE_STANDARD = "gnu++0x";
				CLANG_CXX_LIBRARY = "libc++";
				CLANG_ENABLE_MODULES = YES;
				CLANG_ENABLE_OBJC_ARC = YES;
				CLANG_WARN_BOOL_CONVERSION = YES;
				CLANG_WARN_CONSTANT_CONVERSION = YES;
				CLANG_WARN_DIRECT_OBJC_ISA_USAGE = YES_ERROR;
				CLANG_WARN_EMPTY_BODY = YES;
				CLANG_WARN_ENUM_CONVERSION = YES;
				CLANG_WARN_INT_CONVERSION = YES;
				CLANG_WARN_OBJC_ROOT_CLASS = YES_ERROR;
				CLANG_WARN_UNREACHABLE_CODE = YES;
				CLANG_WARN__DUPLICATE_METHOD_MATCH = YES;
				"CODE_SIGN_IDENTITY[sdk=iphoneos*]" = "iPhone Developer";
				COPY_PHASE_STRIP = NO;
				DEBUG_INFORMATION_FORMAT = dwarf;
				ENABLE_STRICT_OBJC_MSGSEND = YES;
				ENABLE_TESTABILITY = YES;
				GCC_C_LANGUAGE_STANDARD = gnu99;
				GCC_DYNAMIC_NO_PIC = NO;
				GCC_NO_COMMON_BLOCKS = YES;
				GCC_OPTIMIZATION_LEVEL = 0;
				GCC_PREPROCESSOR_DEFINITIONS = (
					"DEBUG=1",
					"$(inherited)",
				);
				GCC_WARN_64_TO_32_BIT_CONVERSION = YES;
				GCC_WARN_ABOUT_RETURN_TYPE = YES_ERROR;
				GCC_WARN_UNDECLARED_SELECTOR = YES;
				GCC_WARN_UNINITIALIZED_AUTOS = YES_AGGRESSIVE;
				GCC_WARN_UNUSED_FUNCTION = YES;
				GCC_WARN_UNUSED_VARIABLE = YES;
				IPHONEOS_DEPLOYMENT_TARGET = 9.2;
				MTL_ENABLE_DEBUG_INFO = YES;
				ONLY_ACTIVE_ARCH = YES;
				SDKROOT = iphoneos;
				SWIFT_OPTIMIZATION_LEVEL = "-Onone";
			};
			name = Debug;
		};
		2284D0D81CBCC86800ACBD79 /* Release */ = {
			isa = XCBuildConfiguration;
			buildSettings = {
				ALWAYS_SEARCH_USER_PATHS = NO;
				CLANG_CXX_LANGUAGE_STANDARD = "gnu++0x";
				CLANG_CXX_LIBRARY = "libc++";
				CLANG_ENABLE_MODULES = YES;
				CLANG_ENABLE_OBJC_ARC = YES;
				CLANG_WARN_BOOL_CONVERSION = YES;
				CLANG_WARN_CONSTANT_CONVERSION = YES;
				CLANG_WARN_DIRECT_OBJC_ISA_USAGE = YES_ERROR;
				CLANG_WARN_EMPTY_BODY = YES;
				CLANG_WARN_ENUM_CONVERSION = YES;
				CLANG_WARN_INT_CONVERSION = YES;
				CLANG_WARN_OBJC_ROOT_CLASS = YES_ERROR;
				CLANG_WARN_UNREACHABLE_CODE = YES;
				CLANG_WARN__DUPLICATE_METHOD_MATCH = YES;
				"CODE_SIGN_IDENTITY[sdk=iphoneos*]" = "iPhone Developer";
				COPY_PHASE_STRIP = NO;
				DEBUG_INFORMATION_FORMAT = "dwarf-with-dsym";
				ENABLE_NS_ASSERTIONS = NO;
				ENABLE_STRICT_OBJC_MSGSEND = YES;
				GCC_C_LANGUAGE_STANDARD = gnu99;
				GCC_NO_COMMON_BLOCKS = YES;
				GCC_WARN_64_TO_32_BIT_CONVERSION = YES;
				GCC_WARN_ABOUT_RETURN_TYPE = YES_ERROR;
				GCC_WARN_UNDECLARED_SELECTOR = YES;
				GCC_WARN_UNINITIALIZED_AUTOS = YES_AGGRESSIVE;
				GCC_WARN_UNUSED_FUNCTION = YES;
				GCC_WARN_UNUSED_VARIABLE = YES;
				IPHONEOS_DEPLOYMENT_TARGET = 9.2;
				MTL_ENABLE_DEBUG_INFO = NO;
				SDKROOT = iphoneos;
				VALIDATE_PRODUCT = YES;
			};
			name = Release;
		};
		2284D0DA1CBCC86800ACBD79 /* Debug */ = {
			isa = XCBuildConfiguration;
			buildSettings = {
				ASSETCATALOG_COMPILER_APPICON_NAME = AppIcon;
				CLANG_ENABLE_MODULES = YES;
				INFOPLIST_FILE = KeyChain/Info.plist;
				LD_RUNPATH_SEARCH_PATHS = "$(inherited) @executable_path/Frameworks";
				PRODUCT_BUNDLE_IDENTIFIER = com.xie.KeyChain;
				PRODUCT_NAME = "$(TARGET_NAME)";
				SWIFT_OBJC_BRIDGING_HEADER = "KeyChain/KeyChain-Bridging-Header.h";
				SWIFT_OPTIMIZATION_LEVEL = "-Onone";
			};
			name = Debug;
		};
		2284D0DB1CBCC86800ACBD79 /* Release */ = {
			isa = XCBuildConfiguration;
			buildSettings = {
				ASSETCATALOG_COMPILER_APPICON_NAME = AppIcon;
				CLANG_ENABLE_MODULES = YES;
				INFOPLIST_FILE = KeyChain/Info.plist;
				LD_RUNPATH_SEARCH_PATHS = "$(inherited) @executable_path/Frameworks";
				PRODUCT_BUNDLE_IDENTIFIER = com.xie.KeyChain;
				PRODUCT_NAME = "$(TARGET_NAME)";
				SWIFT_OBJC_BRIDGING_HEADER = "KeyChain/KeyChain-Bridging-Header.h";
			};
			name = Release;
		};
/* End XCBuildConfiguration section */

/* Begin XCConfigurationList section */
		2284D0C21CBCC86800ACBD79 /* Build configuration list for PBXProject "KeyChain" */ = {
			isa = XCConfigurationList;
			buildConfigurations = (
				2284D0D71CBCC86800ACBD79 /* Debug */,
				2284D0D81CBCC86800ACBD79 /* Release */,
			);
			defaultConfigurationIsVisible = 0;
			defaultConfigurationName = Release;
		};
		2284D0D91CBCC86800ACBD79 /* Build configuration list for PBXNativeTarget "KeyChain" */ = {
			isa = XCConfigurationList;
			buildConfigurations = (
				2284D0DA1CBCC86800ACBD79 /* Debug */,
				2284D0DB1CBCC86800ACBD79 /* Release */,
			);
			defaultConfigurationIsVisible = 0;
		};
/* End XCConfigurationList section */
	};
	rootObject = 2284D0BF1CBCC86800ACBD79 /* Project object */;
}
